
Microsoft Visual Studio Solution File, Format Version 12.00
# Visual Studio Version 17
VisualStudioVersion = 17.3.32929.385
MinimumVisualStudioVersion = 10.0.40219.1
Project("{FAE04EC0-301F-11D3-BF4B-00C04F79EFBC}") = "StoreWebApi-LabAlumni", "StoreWebApi-LabAlumni\StoreWebApi-LabAlumni.csproj", "{16BB225C-64FC-4E62-B5E2-9FAF5AAB96F6}"
EndProject
Global
	GlobalSection(SolutionConfigurationPlatforms) = preSolution
		Debug|Any CPU = Debug|Any CPU
		Release|Any CPU = Release|Any CPU
	EndGlobalSection
	GlobalSection(ProjectConfigurationPlatforms) = postSolution
		{16BB225C-64FC-4E62-B5E2-9FAF5AAB96F6}.Debug|Any CPU.ActiveCfg = Debug|Any CPU
		{16BB225C-64FC-4E62-B5E2-9FAF5AAB96F6}.Debug|Any CPU.Build.0 = Debug|Any CPU
		{16BB225C-64FC-4E62-B5E2-9FAF5AAB96F6}.Release|Any CPU.ActiveCfg = Release|Any CPU
		{16BB225C-64FC-4E62-B5E2-9FAF5AAB96F6}.Release|Any CPU.Build.0 = Release|Any CPU
	EndGlobalSection
	GlobalSection(SolutionProperties) = preSolution
		HideSolutionNode = FALSE
	EndGlobalSection
	GlobalSection(ExtensibilityGlobals) = postSolution
		SolutionGuid = {722A0637-CD64-4A85-8C1A-B3F47219E8A3}
	EndGlobalSection
EndGlobal
