
Microsoft Visual Studio Solution File, Format Version 12.00
# Visual Studio Version 17
VisualStudioVersion = 17.3.32929.385
MinimumVisualStudioVersion = 10.0.40219.1
Project("{FAE04EC0-301F-11D3-BF4B-00C04F79EFBC}") = "StoreWebApi-Alumni", "StoreWebApi-Alumni\StoreWebApi-Alumni.csproj", "{22421BB0-2A7A-456A-8613-4B4B5CB044A3}"
EndProject
Global
	GlobalSection(SolutionConfigurationPlatforms) = preSolution
		Debug|Any CPU = Debug|Any CPU
		Release|Any CPU = Release|Any CPU
	EndGlobalSection
	GlobalSection(ProjectConfigurationPlatforms) = postSolution
		{22421BB0-2A7A-456A-8613-4B4B5CB044A3}.Debug|Any CPU.ActiveCfg = Debug|Any CPU
		{22421BB0-2A7A-456A-8613-4B4B5CB044A3}.Debug|Any CPU.Build.0 = Debug|Any CPU
		{22421BB0-2A7A-456A-8613-4B4B5CB044A3}.Release|Any CPU.ActiveCfg = Release|Any CPU
		{22421BB0-2A7A-456A-8613-4B4B5CB044A3}.Release|Any CPU.Build.0 = Release|Any CPU
	EndGlobalSection
	GlobalSection(SolutionProperties) = preSolution
		HideSolutionNode = FALSE
	EndGlobalSection
	GlobalSection(ExtensibilityGlobals) = postSolution
		SolutionGuid = {5783120A-9F16-4E42-8FCA-A21F99B4DB40}
	EndGlobalSection
EndGlobal
