
Microsoft Visual Studio Solution File, Format Version 12.00
# Visual Studio Version 17
VisualStudioVersion = 17.3.32929.385
MinimumVisualStudioVersion = 10.0.40219.1
Project("{FAE04EC0-301F-11D3-BF4B-00C04F79EFBC}") = "WebApiNorthwind", "WebApiNorthwind\WebApiNorthwind.csproj", "{3ACCA7D1-9741-4308-8155-D2E90F2C4F82}"
EndProject
Global
	GlobalSection(SolutionConfigurationPlatforms) = preSolution
		Debug|Any CPU = Debug|Any CPU
		Release|Any CPU = Release|Any CPU
	EndGlobalSection
	GlobalSection(ProjectConfigurationPlatforms) = postSolution
		{3ACCA7D1-9741-4308-8155-D2E90F2C4F82}.Debug|Any CPU.ActiveCfg = Debug|Any CPU
		{3ACCA7D1-9741-4308-8155-D2E90F2C4F82}.Debug|Any CPU.Build.0 = Debug|Any CPU
		{3ACCA7D1-9741-4308-8155-D2E90F2C4F82}.Release|Any CPU.ActiveCfg = Release|Any CPU
		{3ACCA7D1-9741-4308-8155-D2E90F2C4F82}.Release|Any CPU.Build.0 = Release|Any CPU
	EndGlobalSection
	GlobalSection(SolutionProperties) = preSolution
		HideSolutionNode = FALSE
	EndGlobalSection
	GlobalSection(ExtensibilityGlobals) = postSolution
		SolutionGuid = {6B6787B7-DB41-4B52-BE17-C7D2B87C7E51}
	EndGlobalSection
EndGlobal
