
Microsoft Visual Studio Solution File, Format Version 12.00
# Visual Studio Version 17
VisualStudioVersion = 17.3.32929.385
MinimumVisualStudioVersion = 10.0.40219.1
Project("{FAE04EC0-301F-11D3-BF4B-00C04F79EFBC}") = "WSAuto", "WSAuto\WSAuto.csproj", "{51400DF9-B7DC-4B44-9114-E10163727A4C}"
EndProject
Global
	GlobalSection(SolutionConfigurationPlatforms) = preSolution
		Debug|Any CPU = Debug|Any CPU
		Release|Any CPU = Release|Any CPU
	EndGlobalSection
	GlobalSection(ProjectConfigurationPlatforms) = postSolution
		{51400DF9-B7DC-4B44-9114-E10163727A4C}.Debug|Any CPU.ActiveCfg = Debug|Any CPU
		{51400DF9-B7DC-4B44-9114-E10163727A4C}.Debug|Any CPU.Build.0 = Debug|Any CPU
		{51400DF9-B7DC-4B44-9114-E10163727A4C}.Release|Any CPU.ActiveCfg = Release|Any CPU
		{51400DF9-B7DC-4B44-9114-E10163727A4C}.Release|Any CPU.Build.0 = Release|Any CPU
	EndGlobalSection
	GlobalSection(SolutionProperties) = preSolution
		HideSolutionNode = FALSE
	EndGlobalSection
	GlobalSection(ExtensibilityGlobals) = postSolution
		SolutionGuid = {54568323-094D-4DBF-BC39-CF234EBD083D}
	EndGlobalSection
EndGlobal
